
Microsoft Visual Studio Solution File, Format Version 12.00
# Visual Studio Version 16
VisualStudioVersion = 16.0.31515.178
MinimumVisualStudioVersion = 10.0.40219.1
Project("{8BC9CEB8-8B4A-11D0-8D11-00A0C91BC942}") = "CppCLR_WinformsProjekt1", "CppCLR_WinformsProjekt1\CppCLR_WinformsProjekt1.vcxproj", "{7E63D9E4-D20A-468C-B765-C61049B594FF}"
EndProject
Global
	GlobalSection(SolutionConfigurationPlatforms) = preSolution
		Debug|x64 = Debug|x64
		Debug|x86 = Debug|x86
		Release|x64 = Release|x64
		Release|x86 = Release|x86
	EndGlobalSection
	GlobalSection(ProjectConfigurationPlatforms) = postSolution
		{7E63D9E4-D20A-468C-B765-C61049B594FF}.Debug|x64.ActiveCfg = Debug|x64
		{7E63D9E4-D20A-468C-B765-C61049B594FF}.Debug|x64.Build.0 = Debug|x64
		{7E63D9E4-D20A-468C-B765-C61049B594FF}.Debug|x86.ActiveCfg = Debug|Win32
		{7E63D9E4-D20A-468C-B765-C61049B594FF}.Debug|x86.Build.0 = Debug|Win32
		{7E63D9E4-D20A-468C-B765-C61049B594FF}.Release|x64.ActiveCfg = Release|x64
		{7E63D9E4-D20A-468C-B765-C61049B594FF}.Release|x64.Build.0 = Release|x64
		{7E63D9E4-D20A-468C-B765-C61049B594FF}.Release|x86.ActiveCfg = Release|Win32
		{7E63D9E4-D20A-468C-B765-C61049B594FF}.Release|x86.Build.0 = Release|Win32
	EndGlobalSection
	GlobalSection(SolutionProperties) = preSolution
		HideSolutionNode = FALSE
	EndGlobalSection
	GlobalSection(ExtensibilityGlobals) = postSolution
		SolutionGuid = {6FC3EEF3-F138-4FFB-8605-5B87A0A33B38}
	EndGlobalSection
EndGlobal
